// !$*UTF8*$!
{
	archiveVersion = 1;
	classes = {
	};
	objectVersion = 56;
	objects = {

/* Begin PBXBuildFile section */
		A10000000000000100000001 /* OpenLookAwayApp.swift in Sources */ = {isa = PBXBuildFile; fileRef = B10000000000000100000001 /* OpenLookAwayApp.swift */; };
		A10000000000000100000002 /* SessionStore.swift in Sources */ = {isa = PBXBuildFile; fileRef = B10000000000000100000002 /* SessionStore.swift */; };
		A10000000000000100000016 /* Onboarding.swift in Sources */ = {isa = PBXBuildFile; fileRef = B10000000000000100000016 /* Onboarding.swift */; };
		A10000000000000100000017 /* OnboardingView.swift in Sources */ = {isa = PBXBuildFile; fileRef = B10000000000000100000017 /* OnboardingView.swift */; };
		A10000000000000100000019 /* OpaqueGlass.swift in Sources */ = {isa = PBXBuildFile; fileRef = B10000000000000100000019 /* OpaqueGlass.swift */; };
		A10000000000000100000003 /* AppSettings.swift in Sources */ = {isa = PBXBuildFile; fileRef = B10000000000000100000003 /* AppSettings.swift */; };
		A1000000000000010000001A /* UpdateCheck.swift in Sources */ = {isa = PBXBuildFile; fileRef = B1000000000000010000001A /* UpdateCheck.swift */; };
		A1000000000000010000001B /* SelfUpdate.swift in Sources */ = {isa = PBXBuildFile; fileRef = B1000000000000010000001B /* SelfUpdate.swift */; };
		A1000000000000010000001C /* UpdateNotice.swift in Sources */ = {isa = PBXBuildFile; fileRef = B1000000000000010000001C /* UpdateNotice.swift */; };
		A1000000000000010000001D /* UpdateCheckTests.swift in Sources */ = {isa = PBXBuildFile; fileRef = B1000000000000010000001D /* UpdateCheckTests.swift */; };
		A10000000000000100000004 /* BreakEngine.swift in Sources */ = {isa = PBXBuildFile; fileRef = B10000000000000100000004 /* BreakEngine.swift */; };
		A10000000000000100000005 /* OfficeHours.swift in Sources */ = {isa = PBXBuildFile; fileRef = B10000000000000100000005 /* OfficeHours.swift */; };
		A10000000000000100000006 /* QuickLookView.swift in Sources */ = {isa = PBXBuildFile; fileRef = B10000000000000100000006 /* QuickLookView.swift */; };
		A10000000000000100000007 /* StatusLabel.swift in Sources */ = {isa = PBXBuildFile; fileRef = B10000000000000100000007 /* StatusLabel.swift */; };
		A10000000000000100000008 /* SettingsView.swift in Sources */ = {isa = PBXBuildFile; fileRef = B10000000000000100000008 /* SettingsView.swift */; };
		A10000000000000100000009 /* HeadsUpToast.swift in Sources */ = {isa = PBXBuildFile; fileRef = B10000000000000100000009 /* HeadsUpToast.swift */; };
		A1000000000000010000000A /* CursorCountdown.swift in Sources */ = {isa = PBXBuildFile; fileRef = B1000000000000010000000A /* CursorCountdown.swift */; };
		A1000000000000010000000B /* OverlayController.swift in Sources */ = {isa = PBXBuildFile; fileRef = B1000000000000010000000B /* OverlayController.swift */; };
		A1000000000000010000000C /* CalmBreakView.swift in Sources */ = {isa = PBXBuildFile; fileRef = B1000000000000010000000C /* CalmBreakView.swift */; };
		A1000000000000010000000D /* BeastBreakView.swift in Sources */ = {isa = PBXBuildFile; fileRef = B1000000000000010000000D /* BeastBreakView.swift */; };
		A1000000000000010000000E /* SkipLadder.swift in Sources */ = {isa = PBXBuildFile; fileRef = B1000000000000010000000E /* SkipLadder.swift */; };
		A1000000000000010000000F /* SmartPause.swift in Sources */ = {isa = PBXBuildFile; fileRef = B1000000000000010000000F /* SmartPause.swift */; };
		A10000000000000100000010 /* Assets.xcassets in Resources */ = {isa = PBXBuildFile; fileRef = B10000000000000100000010 /* Assets.xcassets */; };
		A10000000000000100000011 /* BreakEngineTests.swift in Sources */ = {isa = PBXBuildFile; fileRef = B10000000000000100000011 /* BreakEngineTests.swift */; };
		A10000000000000100000018 /* OnboardingTests.swift in Sources */ = {isa = PBXBuildFile; fileRef = B10000000000000100000018 /* OnboardingTests.swift */; };
/* End PBXBuildFile section */

/* Begin PBXContainerItemProxy section */
		C10000000000000100000001 /* PBXContainerItemProxy */ = {
			isa = PBXContainerItemProxy;
			containerPortal = D10000000000000100000001 /* Project object */;
			proxyType = 1;
			remoteGlobalIDString = D10000000000000100000002;
			remoteInfo = OpenLookAway;
		};
/* End PBXContainerItemProxy section */

/* Begin PBXFileReference section */
		B10000000000000100000001 /* OpenLookAwayApp.swift */ = {isa = PBXFileReference; lastKnownFileType = sourcecode.swift; path = OpenLookAwayApp.swift; sourceTree = "<group>"; };
		B10000000000000100000002 /* SessionStore.swift */ = {isa = PBXFileReference; lastKnownFileType = sourcecode.swift; path = SessionStore.swift; sourceTree = "<group>"; };
		B1000000000000010000001A /* UpdateCheck.swift */ = {isa = PBXFileReference; lastKnownFileType = sourcecode.swift; path = UpdateCheck.swift; sourceTree = "<group>"; };
		B1000000000000010000001B /* SelfUpdate.swift */ = {isa = PBXFileReference; lastKnownFileType = sourcecode.swift; path = SelfUpdate.swift; sourceTree = "<group>"; };
		B1000000000000010000001C /* UpdateNotice.swift */ = {isa = PBXFileReference; lastKnownFileType = sourcecode.swift; path = UpdateNotice.swift; sourceTree = "<group>"; };
		B1000000000000010000001D /* UpdateCheckTests.swift */ = {isa = PBXFileReference; lastKnownFileType = sourcecode.swift; path = UpdateCheckTests.swift; sourceTree = "<group>"; };
		B10000000000000100000016 /* Onboarding.swift */ = {isa = PBXFileReference; lastKnownFileType = sourcecode.swift; path = Onboarding.swift; sourceTree = "<group>"; };
		B10000000000000100000017 /* OnboardingView.swift */ = {isa = PBXFileReference; lastKnownFileType = sourcecode.swift; path = OnboardingView.swift; sourceTree = "<group>"; };
		B10000000000000100000019 /* OpaqueGlass.swift */ = {isa = PBXFileReference; lastKnownFileType = sourcecode.swift; path = OpaqueGlass.swift; sourceTree = "<group>"; };
		B10000000000000100000003 /* AppSettings.swift */ = {isa = PBXFileReference; lastKnownFileType = sourcecode.swift; path = AppSettings.swift; sourceTree = "<group>"; };
		B10000000000000100000004 /* BreakEngine.swift */ = {isa = PBXFileReference; lastKnownFileType = sourcecode.swift; path = BreakEngine.swift; sourceTree = "<group>"; };
		B10000000000000100000005 /* OfficeHours.swift */ = {isa = PBXFileReference; lastKnownFileType = sourcecode.swift; path = OfficeHours.swift; sourceTree = "<group>"; };
		B10000000000000100000006 /* QuickLookView.swift */ = {isa = PBXFileReference; lastKnownFileType = sourcecode.swift; path = QuickLookView.swift; sourceTree = "<group>"; };
		B10000000000000100000007 /* StatusLabel.swift */ = {isa = PBXFileReference; lastKnownFileType = sourcecode.swift; path = StatusLabel.swift; sourceTree = "<group>"; };
		B10000000000000100000008 /* SettingsView.swift */ = {isa = PBXFileReference; lastKnownFileType = sourcecode.swift; path = SettingsView.swift; sourceTree = "<group>"; };
		B10000000000000100000009 /* HeadsUpToast.swift */ = {isa = PBXFileReference; lastKnownFileType = sourcecode.swift; path = HeadsUpToast.swift; sourceTree = "<group>"; };
		B1000000000000010000000A /* CursorCountdown.swift */ = {isa = PBXFileReference; lastKnownFileType = sourcecode.swift; path = CursorCountdown.swift; sourceTree = "<group>"; };
		B1000000000000010000000B /* OverlayController.swift */ = {isa = PBXFileReference; lastKnownFileType = sourcecode.swift; path = OverlayController.swift; sourceTree = "<group>"; };
		B1000000000000010000000C /* CalmBreakView.swift */ = {isa = PBXFileReference; lastKnownFileType = sourcecode.swift; path = CalmBreakView.swift; sourceTree = "<group>"; };
		B1000000000000010000000D /* BeastBreakView.swift */ = {isa = PBXFileReference; lastKnownFileType = sourcecode.swift; path = BeastBreakView.swift; sourceTree = "<group>"; };
		B1000000000000010000000E /* SkipLadder.swift */ = {isa = PBXFileReference; lastKnownFileType = sourcecode.swift; path = SkipLadder.swift; sourceTree = "<group>"; };
		B1000000000000010000000F /* SmartPause.swift */ = {isa = PBXFileReference; lastKnownFileType = sourcecode.swift; path = SmartPause.swift; sourceTree = "<group>"; };
		B10000000000000100000010 /* Assets.xcassets */ = {isa = PBXFileReference; lastKnownFileType = folder.assetcatalog; path = Assets.xcassets; sourceTree = "<group>"; };
		B10000000000000100000011 /* BreakEngineTests.swift */ = {isa = PBXFileReference; lastKnownFileType = sourcecode.swift; path = BreakEngineTests.swift; sourceTree = "<group>"; };
		B10000000000000100000018 /* OnboardingTests.swift */ = {isa = PBXFileReference; lastKnownFileType = sourcecode.swift; path = OnboardingTests.swift; sourceTree = "<group>"; };
		B10000000000000100000012 /* Info.plist */ = {isa = PBXFileReference; lastKnownFileType = text.plist.xml; path = Info.plist; sourceTree = "<group>"; };
		B10000000000000100000013 /* OpenLookAway.entitlements */ = {isa = PBXFileReference; lastKnownFileType = text.plist.entitlements; path = OpenLookAway.entitlements; sourceTree = "<group>"; };
		B10000000000000100000014 /* OpenLookAway.app */ = {isa = PBXFileReference; explicitFileType = wrapper.application; includeInIndex = 0; path = OpenLookAway.app; sourceTree = BUILT_PRODUCTS_DIR; };
		B10000000000000100000015 /* OpenLookAwayTests.xctest */ = {isa = PBXFileReference; explicitFileType = wrapper.cfbundle; includeInIndex = 0; path = OpenLookAwayTests.xctest; sourceTree = BUILT_PRODUCTS_DIR; };
/* End PBXFileReference section */

/* Begin PBXFrameworksBuildPhase section */
		E10000000000000100000001 /* Frameworks */ = {
			isa = PBXFrameworksBuildPhase;
			buildActionMask = 2147483647;
			files = (
			);
			runOnlyForDeploymentPostprocessing = 0;
		};
		E10000000000000100000002 /* Frameworks */ = {
			isa = PBXFrameworksBuildPhase;
			buildActionMask = 2147483647;
			files = (
			);
			runOnlyForDeploymentPostprocessing = 0;
		};
/* End PBXFrameworksBuildPhase section */

/* Begin PBXGroup section */
		F10000000000000100000001 = {
			isa = PBXGroup;
			children = (
				F10000000000000100000002 /* OpenLookAway */,
				F10000000000000100000008 /* OpenLookAwayTests */,
				F10000000000000100000009 /* Products */,
			);
			sourceTree = "<group>";
		};
		F10000000000000100000002 /* OpenLookAway */ = {
			isa = PBXGroup;
			children = (
				F10000000000000100000003 /* App */,
				F10000000000000100000004 /* Engine */,
				F10000000000000100000005 /* MenuBar */,
				F1000000000000010000000A /* Settings */,
				F10000000000000100000006 /* Alerts */,
				F10000000000000100000007 /* Overlay */,
				F1000000000000010000000B /* Discipline */,
				F1000000000000010000000C /* Pause */,
				B10000000000000100000010 /* Assets.xcassets */,
			);
			path = OpenLookAway;
			sourceTree = "<group>";
		};
		F10000000000000100000003 /* App */ = {
			isa = PBXGroup;
			children = (
				B10000000000000100000001 /* OpenLookAwayApp.swift */,
				B10000000000000100000016 /* Onboarding.swift */,
				B10000000000000100000017 /* OnboardingView.swift */,
				B10000000000000100000019 /* OpaqueGlass.swift */,
				B1000000000000010000001B /* SelfUpdate.swift */,
				B10000000000000100000002 /* SessionStore.swift */,
				B10000000000000100000012 /* Info.plist */,
				B10000000000000100000013 /* OpenLookAway.entitlements */,
			);
			path = App;
			sourceTree = "<group>";
		};
		F10000000000000100000004 /* Engine */ = {
			isa = PBXGroup;
			children = (
				B10000000000000100000003 /* AppSettings.swift */,
				B10000000000000100000004 /* BreakEngine.swift */,
				B10000000000000100000005 /* OfficeHours.swift */,
				B1000000000000010000001A /* UpdateCheck.swift */,
			);
			path = Engine;
			sourceTree = "<group>";
		};
		F10000000000000100000005 /* MenuBar */ = {
			isa = PBXGroup;
			children = (
				B10000000000000100000006 /* QuickLookView.swift */,
				B10000000000000100000007 /* StatusLabel.swift */,
				B1000000000000010000001C /* UpdateNotice.swift */,
			);
			path = MenuBar;
			sourceTree = "<group>";
		};
		F10000000000000100000006 /* Alerts */ = {
			isa = PBXGroup;
			children = (
				B10000000000000100000009 /* HeadsUpToast.swift */,
				B1000000000000010000000A /* CursorCountdown.swift */,
			);
			path = Alerts;
			sourceTree = "<group>";
		};
		F10000000000000100000007 /* Overlay */ = {
			isa = PBXGroup;
			children = (
				B1000000000000010000000B /* OverlayController.swift */,
				B1000000000000010000000C /* CalmBreakView.swift */,
				B1000000000000010000000D /* BeastBreakView.swift */,
			);
			path = Overlay;
			sourceTree = "<group>";
		};
		F10000000000000100000008 /* OpenLookAwayTests */ = {
			isa = PBXGroup;
			children = (
				B10000000000000100000011 /* BreakEngineTests.swift */,
				B10000000000000100000018 /* OnboardingTests.swift */,
				B1000000000000010000001D /* UpdateCheckTests.swift */,
			);
			path = OpenLookAwayTests;
			sourceTree = "<group>";
		};
		F10000000000000100000009 /* Products */ = {
			isa = PBXGroup;
			children = (
				B10000000000000100000014 /* OpenLookAway.app */,
				B10000000000000100000015 /* OpenLookAwayTests.xctest */,
			);
			name = Products;
			sourceTree = "<group>";
		};
		F1000000000000010000000A /* Settings */ = {
			isa = PBXGroup;
			children = (
				B10000000000000100000008 /* SettingsView.swift */,
			);
			path = Settings;
			sourceTree = "<group>";
		};
		F1000000000000010000000B /* Discipline */ = {
			isa = PBXGroup;
			children = (
				B1000000000000010000000E /* SkipLadder.swift */,
			);
			path = Discipline;
			sourceTree = "<group>";
		};
		F1000000000000010000000C /* Pause */ = {
			isa = PBXGroup;
			children = (
				B1000000000000010000000F /* SmartPause.swift */,
			);
			path = Pause;
			sourceTree = "<group>";
		};
/* End PBXGroup section */

/* Begin PBXNativeTarget section */
		D10000000000000100000002 /* OpenLookAway */ = {
			isa = PBXNativeTarget;
			buildConfigurationList = D10000000000000100000004 /* Build configuration list for PBXNativeTarget "OpenLookAway" */;
			buildPhases = (
				E10000000000000100000003 /* Sources */,
				E10000000000000100000001 /* Frameworks */,
				E10000000000000100000004 /* Resources */,
			);
			buildRules = (
			);
			dependencies = (
			);
			name = OpenLookAway;
			productName = OpenLookAway;
			productReference = B10000000000000100000014 /* OpenLookAway.app */;
			productType = "com.apple.product-type.application";
		};
		D10000000000000100000003 /* OpenLookAwayTests */ = {
			isa = PBXNativeTarget;
			buildConfigurationList = D10000000000000100000005 /* Build configuration list for PBXNativeTarget "OpenLookAwayTests" */;
			buildPhases = (
				E10000000000000100000005 /* Sources */,
				E10000000000000100000002 /* Frameworks */,
			);
			buildRules = (
			);
			dependencies = (
				C10000000000000100000002 /* PBXTargetDependency */,
			);
			name = OpenLookAwayTests;
			productName = OpenLookAwayTests;
			productReference = B10000000000000100000015 /* OpenLookAwayTests.xctest */;
			productType = "com.apple.product-type.bundle.unit-test";
		};
/* End PBXNativeTarget section */

/* Begin PBXProject section */
		D10000000000000100000001 /* Project object */ = {
			isa = PBXProject;
			attributes = {
				BuildIndependentTargetsInParallel = 1;
				LastSwiftUpdateCheck = 1600;
				LastUpgradeCheck = 1600;
				TargetAttributes = {
					D10000000000000100000002 = {
						CreatedOnToolsVersion = 16.0;
					};
					D10000000000000100000003 = {
						CreatedOnToolsVersion = 16.0;
						TestTargetID = D10000000000000100000002;
					};
				};
			};
			buildConfigurationList = D10000000000000100000006 /* Build configuration list for PBXProject "OpenLookAway" */;
			compatibilityVersion = "Xcode 14.0";
			developmentRegion = en;
			hasScannedForEncodings = 0;
			knownRegions = (
				en,
				Base,
			);
			mainGroup = F10000000000000100000001;
			productRefGroup = F10000000000000100000009 /* Products */;
			projectDirPath = "";
			projectRoot = "";
			targets = (
				D10000000000000100000002 /* OpenLookAway */,
				D10000000000000100000003 /* OpenLookAwayTests */,
			);
		};
/* End PBXProject section */

/* Begin PBXResourcesBuildPhase section */
		E10000000000000100000004 /* Resources */ = {
			isa = PBXResourcesBuildPhase;
			buildActionMask = 2147483647;
			files = (
				A10000000000000100000010 /* Assets.xcassets in Resources */,
			);
			runOnlyForDeploymentPostprocessing = 0;
		};
/* End PBXResourcesBuildPhase section */

/* Begin PBXSourcesBuildPhase section */
		E10000000000000100000003 /* Sources */ = {
			isa = PBXSourcesBuildPhase;
			buildActionMask = 2147483647;
			files = (
				A10000000000000100000001 /* OpenLookAwayApp.swift in Sources */,
				A10000000000000100000002 /* SessionStore.swift in Sources */,
				A10000000000000100000016 /* Onboarding.swift in Sources */,
				A10000000000000100000017 /* OnboardingView.swift in Sources */,
				A10000000000000100000019 /* OpaqueGlass.swift in Sources */,
				A1000000000000010000001A /* UpdateCheck.swift in Sources */,
				A1000000000000010000001B /* SelfUpdate.swift in Sources */,
				A1000000000000010000001C /* UpdateNotice.swift in Sources */,
				A10000000000000100000003 /* AppSettings.swift in Sources */,
				A10000000000000100000004 /* BreakEngine.swift in Sources */,
				A10000000000000100000005 /* OfficeHours.swift in Sources */,
				A10000000000000100000006 /* QuickLookView.swift in Sources */,
				A10000000000000100000007 /* StatusLabel.swift in Sources */,
				A10000000000000100000008 /* SettingsView.swift in Sources */,
				A10000000000000100000009 /* HeadsUpToast.swift in Sources */,
				A1000000000000010000000A /* CursorCountdown.swift in Sources */,
				A1000000000000010000000B /* OverlayController.swift in Sources */,
				A1000000000000010000000C /* CalmBreakView.swift in Sources */,
				A1000000000000010000000D /* BeastBreakView.swift in Sources */,
				A1000000000000010000000E /* SkipLadder.swift in Sources */,
				A1000000000000010000000F /* SmartPause.swift in Sources */,
			);
			runOnlyForDeploymentPostprocessing = 0;
		};
		E10000000000000100000005 /* Sources */ = {
			isa = PBXSourcesBuildPhase;
			buildActionMask = 2147483647;
			files = (
				A10000000000000100000011 /* BreakEngineTests.swift in Sources */,
				A10000000000000100000018 /* OnboardingTests.swift in Sources */,
				A1000000000000010000001D /* UpdateCheckTests.swift in Sources */,
			);
			runOnlyForDeploymentPostprocessing = 0;
		};
/* End PBXSourcesBuildPhase section */

/* Begin PBXTargetDependency section */
		C10000000000000100000002 /* PBXTargetDependency */ = {
			isa = PBXTargetDependency;
			target = D10000000000000100000002 /* OpenLookAway */;
			targetProxy = C10000000000000100000001 /* PBXContainerItemProxy */;
		};
/* End PBXTargetDependency section */

/* Begin XCBuildConfiguration section */
		D20000000000000100000001 /* Debug */ = {
			isa = XCBuildConfiguration;
			buildSettings = {
				ALWAYS_SEARCH_USER_PATHS = NO;
				CLANG_ENABLE_MODULES = YES;
				CLANG_ENABLE_OBJC_ARC = YES;
				COPY_PHASE_STRIP = NO;
				DEBUG_INFORMATION_FORMAT = dwarf;
				ENABLE_TESTABILITY = YES;
				MACOSX_DEPLOYMENT_TARGET = 13.0;
				ONLY_ACTIVE_ARCH = YES;
				SDKROOT = macosx;
				SWIFT_ACTIVE_COMPILATION_CONDITIONS = DEBUG;
				SWIFT_OPTIMIZATION_LEVEL = "-Onone";
				SWIFT_VERSION = 5.0;
			};
			name = Debug;
		};
		D20000000000000100000002 /* Release */ = {
			isa = XCBuildConfiguration;
			buildSettings = {
				ALWAYS_SEARCH_USER_PATHS = NO;
				CLANG_ENABLE_MODULES = YES;
				CLANG_ENABLE_OBJC_ARC = YES;
				COPY_PHASE_STRIP = NO;
				DEBUG_INFORMATION_FORMAT = "dwarf-with-dsym";
				MACOSX_DEPLOYMENT_TARGET = 13.0;
				SDKROOT = macosx;
				SWIFT_COMPILATION_MODE = wholemodule;
				SWIFT_VERSION = 5.0;
			};
			name = Release;
		};
		D20000000000000100000003 /* Debug */ = {
			isa = XCBuildConfiguration;
			buildSettings = {
				ASSETCATALOG_COMPILER_APPICON_NAME = AppIcon;
				CODE_SIGN_ENTITLEMENTS = OpenLookAway/App/OpenLookAway.entitlements;
				CODE_SIGN_IDENTITY = "-";
				CODE_SIGNING_ALLOWED = YES;
				COMBINE_HIDPI_IMAGES = YES;
				CURRENT_PROJECT_VERSION = 1;
				ENABLE_HARDENED_RUNTIME = NO;
				GENERATE_INFOPLIST_FILE = NO;
				INFOPLIST_FILE = OpenLookAway/App/Info.plist;
				LD_RUNPATH_SEARCH_PATHS = "$(inherited) @executable_path/../Frameworks";
				MARKETING_VERSION = 0.1.6;
				PRODUCT_BUNDLE_IDENTIFIER = dev.openlookaway.app;
				PRODUCT_NAME = OpenLookAway;
				SWIFT_EMIT_LOC_STRINGS = YES;
			};
			name = Debug;
		};
		D20000000000000100000004 /* Release */ = {
			isa = XCBuildConfiguration;
			buildSettings = {
				ASSETCATALOG_COMPILER_APPICON_NAME = AppIcon;
				CODE_SIGN_ENTITLEMENTS = OpenLookAway/App/OpenLookAway.entitlements;
				CODE_SIGN_IDENTITY = "-";
				COMBINE_HIDPI_IMAGES = YES;
				CURRENT_PROJECT_VERSION = 1;
				ENABLE_HARDENED_RUNTIME = NO;
				GENERATE_INFOPLIST_FILE = NO;
				INFOPLIST_FILE = OpenLookAway/App/Info.plist;
				LD_RUNPATH_SEARCH_PATHS = "$(inherited) @executable_path/../Frameworks";
				MARKETING_VERSION = 0.1.6;
				PRODUCT_BUNDLE_IDENTIFIER = dev.openlookaway.app;
				PRODUCT_NAME = OpenLookAway;
				SWIFT_EMIT_LOC_STRINGS = YES;
			};
			name = Release;
		};
		D20000000000000100000005 /* Debug */ = {
			isa = XCBuildConfiguration;
			buildSettings = {
				BUNDLE_LOADER = "$(TEST_HOST)";
				CODE_SIGN_IDENTITY = "-";
				GENERATE_INFOPLIST_FILE = YES;
				MACOSX_DEPLOYMENT_TARGET = 13.0;
				PRODUCT_BUNDLE_IDENTIFIER = dev.openlookaway.tests;
				PRODUCT_NAME = "$(TARGET_NAME)";
				SWIFT_VERSION = 5.0;
				TEST_HOST = "$(BUILT_PRODUCTS_DIR)/OpenLookAway.app/Contents/MacOS/OpenLookAway";
			};
			name = Debug;
		};
		D20000000000000100000006 /* Release */ = {
			isa = XCBuildConfiguration;
			buildSettings = {
				BUNDLE_LOADER = "$(TEST_HOST)";
				CODE_SIGN_IDENTITY = "-";
				GENERATE_INFOPLIST_FILE = YES;
				MACOSX_DEPLOYMENT_TARGET = 13.0;
				PRODUCT_BUNDLE_IDENTIFIER = dev.openlookaway.tests;
				PRODUCT_NAME = "$(TARGET_NAME)";
				SWIFT_VERSION = 5.0;
				TEST_HOST = "$(BUILT_PRODUCTS_DIR)/OpenLookAway.app/Contents/MacOS/OpenLookAway";
			};
			name = Release;
		};
/* End XCBuildConfiguration section */

/* Begin XCConfigurationList section */
		D10000000000000100000004 /* Build configuration list for PBXNativeTarget "OpenLookAway" */ = {
			isa = XCConfigurationList;
			buildConfigurations = (
				D20000000000000100000003 /* Debug */,
				D20000000000000100000004 /* Release */,
			);
			defaultConfigurationIsVisible = 0;
			defaultConfigurationName = Release;
		};
		D10000000000000100000005 /* Build configuration list for PBXNativeTarget "OpenLookAwayTests" */ = {
			isa = XCConfigurationList;
			buildConfigurations = (
				D20000000000000100000005 /* Debug */,
				D20000000000000100000006 /* Release */,
			);
			defaultConfigurationIsVisible = 0;
			defaultConfigurationName = Release;
		};
		D10000000000000100000006 /* Build configuration list for PBXProject "OpenLookAway" */ = {
			isa = XCConfigurationList;
			buildConfigurations = (
				D20000000000000100000001 /* Debug */,
				D20000000000000100000002 /* Release */,
			);
			defaultConfigurationIsVisible = 0;
			defaultConfigurationName = Release;
		};
/* End XCConfigurationList section */
	};
	rootObject = D10000000000000100000001 /* Project object */;
}
